
Microsoft Visual Studio Solution File, Format Version 12.00
# Visual Studio Version 16
VisualStudioVersion = 16.0.32929.386
MinimumVisualStudioVersion = 10.0.40219.1
Project("{9A19103F-16F7-4668-BE54-9A1E7A4F7556}") = "Unit14", "Unit14\Unit14.csproj", "{61A0405C-1F4A-4A6B-A4AA-67851C2C4A0D}"
EndProject
Project("{9A19103F-16F7-4668-BE54-9A1E7A4F7556}") = "Unit14(8)", "Unit14(8)\Unit14(8).csproj", "{F4BEE5C6-D576-49ED-AF4A-B577C4738AC6}"
EndProject
Project("{9A19103F-16F7-4668-BE54-9A1E7A4F7556}") = "Unit14.1.1", "Unit14.1.1\Unit14.1.1.csproj", "{62DFF574-B94F-42E0-8C84-1DCEA10E7092}"
EndProject
Project("{9A19103F-16F7-4668-BE54-9A1E7A4F7556}") = "Unit14.1.2", "Unit13.1.2\Unit14.1.2.csproj", "{5E8D6035-1A25-4ED5-BCB9-9C80983A41D9}"
EndProject
Project("{9A19103F-16F7-4668-BE54-9A1E7A4F7556}") = "Unit14.1.5", "Unit14.1.5\Unit14.1.5.csproj", "{FFEB763B-54A4-479A-9A22-DC27B1092AC9}"
EndProject
Project("{9A19103F-16F7-4668-BE54-9A1E7A4F7556}") = "Unit14.1.6", "Unit14.1.6\Unit14.1.6.csproj", "{A1706F5D-364F-4842-8A7C-87F5CCC592D1}"
EndProject
Project("{FAE04EC0-301F-11D3-BF4B-00C04F79EFBC}") = "Unit14.2.1", "Unit14.2.1\Unit14.2.1.csproj", "{02211B2A-8954-4759-B1EC-2A668FE83086}"
EndProject
Project("{FAE04EC0-301F-11D3-BF4B-00C04F79EFBC}") = "Unit14.2.3", "Unit14.2.3\Unit14.2.3.csproj", "{18D0DDAE-88D8-4DD5-BD53-89F0B25C2C82}"
EndProject
Project("{FAE04EC0-301F-11D3-BF4B-00C04F79EFBC}") = "Unit14.2.4", "Unit14.2.4\Unit14.2.4.csproj", "{FCC74CE7-8A56-4819-96CB-663B42943E0D}"
EndProject
Project("{FAE04EC0-301F-11D3-BF4B-00C04F79EFBC}") = "Unit14.2.5", "Unit14.2.5\Unit14.2.5.csproj", "{CE981FED-4BBF-4574-B4AF-C8D525F78DA9}"
EndProject
Project("{FAE04EC0-301F-11D3-BF4B-00C04F79EFBC}") = "Unit14.2.10", "Unit14.2.10\Unit14.2.10.csproj", "{E34556B6-1EE2-4739-93AE-569E76C68B4E}"
EndProject
Global
	GlobalSection(SolutionConfigurationPlatforms) = preSolution
		Debug|Any CPU = Debug|Any CPU
		Release|Any CPU = Release|Any CPU
	EndGlobalSection
	GlobalSection(ProjectConfigurationPlatforms) = postSolution
		{61A0405C-1F4A-4A6B-A4AA-67851C2C4A0D}.Debug|Any CPU.ActiveCfg = Debug|Any CPU
		{61A0405C-1F4A-4A6B-A4AA-67851C2C4A0D}.Debug|Any CPU.Build.0 = Debug|Any CPU
		{61A0405C-1F4A-4A6B-A4AA-67851C2C4A0D}.Release|Any CPU.ActiveCfg = Release|Any CPU
		{61A0405C-1F4A-4A6B-A4AA-67851C2C4A0D}.Release|Any CPU.Build.0 = Release|Any CPU
		{F4BEE5C6-D576-49ED-AF4A-B577C4738AC6}.Debug|Any CPU.ActiveCfg = Debug|Any CPU
		{F4BEE5C6-D576-49ED-AF4A-B577C4738AC6}.Debug|Any CPU.Build.0 = Debug|Any CPU
		{F4BEE5C6-D576-49ED-AF4A-B577C4738AC6}.Release|Any CPU.ActiveCfg = Release|Any CPU
		{F4BEE5C6-D576-49ED-AF4A-B577C4738AC6}.Release|Any CPU.Build.0 = Release|Any CPU
		{62DFF574-B94F-42E0-8C84-1DCEA10E7092}.Debug|Any CPU.ActiveCfg = Debug|Any CPU
		{62DFF574-B94F-42E0-8C84-1DCEA10E7092}.Debug|Any CPU.Build.0 = Debug|Any CPU
		{62DFF574-B94F-42E0-8C84-1DCEA10E7092}.Release|Any CPU.ActiveCfg = Release|Any CPU
		{62DFF574-B94F-42E0-8C84-1DCEA10E7092}.Release|Any CPU.Build.0 = Release|Any CPU
		{5E8D6035-1A25-4ED5-BCB9-9C80983A41D9}.Debug|Any CPU.ActiveCfg = Debug|Any CPU
		{5E8D6035-1A25-4ED5-BCB9-9C80983A41D9}.Debug|Any CPU.Build.0 = Debug|Any CPU
		{5E8D6035-1A25-4ED5-BCB9-9C80983A41D9}.Release|Any CPU.ActiveCfg = Release|Any CPU
		{5E8D6035-1A25-4ED5-BCB9-9C80983A41D9}.Release|Any CPU.Build.0 = Release|Any CPU
		{FFEB763B-54A4-479A-9A22-DC27B1092AC9}.Debug|Any CPU.ActiveCfg = Debug|Any CPU
		{FFEB763B-54A4-479A-9A22-DC27B1092AC9}.Debug|Any CPU.Build.0 = Debug|Any CPU
		{FFEB763B-54A4-479A-9A22-DC27B1092AC9}.Release|Any CPU.ActiveCfg = Release|Any CPU
		{FFEB763B-54A4-479A-9A22-DC27B1092AC9}.Release|Any CPU.Build.0 = Release|Any CPU
		{A1706F5D-364F-4842-8A7C-87F5CCC592D1}.Debug|Any CPU.ActiveCfg = Debug|Any CPU
		{A1706F5D-364F-4842-8A7C-87F5CCC592D1}.Debug|Any CPU.Build.0 = Debug|Any CPU
		{A1706F5D-364F-4842-8A7C-87F5CCC592D1}.Release|Any CPU.ActiveCfg = Release|Any CPU
		{A1706F5D-364F-4842-8A7C-87F5CCC592D1}.Release|Any CPU.Build.0 = Release|Any CPU
		{02211B2A-8954-4759-B1EC-2A668FE83086}.Debug|Any CPU.ActiveCfg = Debug|Any CPU
		{02211B2A-8954-4759-B1EC-2A668FE83086}.Debug|Any CPU.Build.0 = Debug|Any CPU
		{02211B2A-8954-4759-B1EC-2A668FE83086}.Release|Any CPU.ActiveCfg = Release|Any CPU
		{02211B2A-8954-4759-B1EC-2A668FE83086}.Release|Any CPU.Build.0 = Release|Any CPU
		{18D0DDAE-88D8-4DD5-BD53-89F0B25C2C82}.Debug|Any CPU.ActiveCfg = Debug|Any CPU
		{18D0DDAE-88D8-4DD5-BD53-89F0B25C2C82}.Debug|Any CPU.Build.0 = Debug|Any CPU
		{18D0DDAE-88D8-4DD5-BD53-89F0B25C2C82}.Release|Any CPU.ActiveCfg = Release|Any CPU
		{18D0DDAE-88D8-4DD5-BD53-89F0B25C2C82}.Release|Any CPU.Build.0 = Release|Any CPU
		{FCC74CE7-8A56-4819-96CB-663B42943E0D}.Debug|Any CPU.ActiveCfg = Debug|Any CPU
		{FCC74CE7-8A56-4819-96CB-663B42943E0D}.Debug|Any CPU.Build.0 = Debug|Any CPU
		{FCC74CE7-8A56-4819-96CB-663B42943E0D}.Release|Any CPU.ActiveCfg = Release|Any CPU
		{FCC74CE7-8A56-4819-96CB-663B42943E0D}.Release|Any CPU.Build.0 = Release|Any CPU
		{CE981FED-4BBF-4574-B4AF-C8D525F78DA9}.Debug|Any CPU.ActiveCfg = Debug|Any CPU
		{CE981FED-4BBF-4574-B4AF-C8D525F78DA9}.Debug|Any CPU.Build.0 = Debug|Any CPU
		{CE981FED-4BBF-4574-B4AF-C8D525F78DA9}.Release|Any CPU.ActiveCfg = Release|Any CPU
		{CE981FED-4BBF-4574-B4AF-C8D525F78DA9}.Release|Any CPU.Build.0 = Release|Any CPU
		{E34556B6-1EE2-4739-93AE-569E76C68B4E}.Debug|Any CPU.ActiveCfg = Debug|Any CPU
		{E34556B6-1EE2-4739-93AE-569E76C68B4E}.Debug|Any CPU.Build.0 = Debug|Any CPU
		{E34556B6-1EE2-4739-93AE-569E76C68B4E}.Release|Any CPU.ActiveCfg = Release|Any CPU
		{E34556B6-1EE2-4739-93AE-569E76C68B4E}.Release|Any CPU.Build.0 = Release|Any CPU
	EndGlobalSection
	GlobalSection(SolutionProperties) = preSolution
		HideSolutionNode = FALSE
	EndGlobalSection
	GlobalSection(ExtensibilityGlobals) = postSolution
		SolutionGuid = {3B2949DB-E192-4824-8BAF-549AD71CC1DA}
	EndGlobalSection
EndGlobal
